// !$*UTF8*$!
{
	archiveVersion = 1;
	classes = {
	};
	objectVersion = 56;
	objects = {

/* Begin PBXBuildFile section */
		69058D2F2A85EA8B007053BA /* Modifiers.swift in Sources */ = {isa = PBXBuildFile; fileRef = 69058D2E2A85EA8B007053BA /* Modifiers.swift */; };
		69058D322A85FEAB007053BA /* User.swift in Sources */ = {isa = PBXBuildFile; fileRef = 69058D312A85FEAB007053BA /* User.swift */; };
		69058D342A85FEC8007053BA /* Card.swift in Sources */ = {isa = PBXBuildFile; fileRef = 69058D332A85FEC8007053BA /* Card.swift */; };
		69058D382A8617CA007053BA /* UserRow.swift in Sources */ = {isa = PBXBuildFile; fileRef = 69058D372A8617CA007053BA /* UserRow.swift */; };
		69058D3A2A862C6E007053BA /* UserModal.swift in Sources */ = {isa = PBXBuildFile; fileRef = 69058D392A862C6E007053BA /* UserModal.swift */; };
		692DB8662A8B29E80066BE41 /* Badge.swift in Sources */ = {isa = PBXBuildFile; fileRef = 692DB8652A8B29E80066BE41 /* Badge.swift */; };
		692DB8682A8B2B9F0066BE41 /* BadgeEnum.swift in Sources */ = {isa = PBXBuildFile; fileRef = 692DB8672A8B2B9F0066BE41 /* BadgeEnum.swift */; };
		692DB86A2A8B42B70066BE41 /* SegmentControl.swift in Sources */ = {isa = PBXBuildFile; fileRef = 692DB8692A8B42B70066BE41 /* SegmentControl.swift */; };
		692DB86C2A8B4EF20066BE41 /* Background.swift in Sources */ = {isa = PBXBuildFile; fileRef = 692DB86B2A8B4EF20066BE41 /* Background.swift */; };
		692DB86E2A8B86480066BE41 /* Difficulty.swift in Sources */ = {isa = PBXBuildFile; fileRef = 692DB86D2A8B86480066BE41 /* Difficulty.swift */; };
		693A4F162A833CA000E5AF22 /* Blackjack.swift in Sources */ = {isa = PBXBuildFile; fileRef = 693A4F152A833CA000E5AF22 /* Blackjack.swift */; };
		693A4F182A833CA000E5AF22 /* ContentView.swift in Sources */ = {isa = PBXBuildFile; fileRef = 693A4F172A833CA000E5AF22 /* ContentView.swift */; };
		693A4F1A2A833CA100E5AF22 /* Assets.xcassets in Resources */ = {isa = PBXBuildFile; fileRef = 693A4F192A833CA100E5AF22 /* Assets.xcassets */; };
		693A4F1D2A833CA100E5AF22 /* Preview Assets.xcassets in Resources */ = {isa = PBXBuildFile; fileRef = 693A4F1C2A833CA100E5AF22 /* Preview Assets.xcassets */; };
		693A4F252A833DFC00E5AF22 /* MenuView.swift in Sources */ = {isa = PBXBuildFile; fileRef = 693A4F242A833DFC00E5AF22 /* MenuView.swift */; };
		693A4F372A8364A600E5AF22 /* GameView.swift in Sources */ = {isa = PBXBuildFile; fileRef = 693A4F362A8364A600E5AF22 /* GameView.swift */; };
		693A4F392A8364B600E5AF22 /* LeaderBoardView.swift in Sources */ = {isa = PBXBuildFile; fileRef = 693A4F382A8364B600E5AF22 /* LeaderBoardView.swift */; };
		693A4F3B2A8364D200E5AF22 /* SettingsView.swift in Sources */ = {isa = PBXBuildFile; fileRef = 693A4F3A2A8364D200E5AF22 /* SettingsView.swift */; };
		693A4F3D2A8364E600E5AF22 /* Header.swift in Sources */ = {isa = PBXBuildFile; fileRef = 693A4F3C2A8364E600E5AF22 /* Header.swift */; };
		693A4F3F2A83725700E5AF22 /* GameStats.swift in Sources */ = {isa = PBXBuildFile; fileRef = 693A4F3E2A83725700E5AF22 /* GameStats.swift */; };
		694F1B0A2A8736F200982F72 /* StatItem.swift in Sources */ = {isa = PBXBuildFile; fileRef = 694F1B092A8736F200982F72 /* StatItem.swift */; };
		694F1B0C2A8742E800982F72 /* UserViewModel.swift in Sources */ = {isa = PBXBuildFile; fileRef = 694F1B0B2A8742E800982F72 /* UserViewModel.swift */; };
		69971F032A88AB7800AEBD3E /* NavigationButton.swift in Sources */ = {isa = PBXBuildFile; fileRef = 69971F022A88AB7800AEBD3E /* NavigationButton.swift */; };
		69E20F732A8CA072001F3009 /* Appearance.swift in Sources */ = {isa = PBXBuildFile; fileRef = 69E20F722A8CA072001F3009 /* Appearance.swift */; };
		69E20F752A8CB6C0001F3009 /* HowToPlayView.swift in Sources */ = {isa = PBXBuildFile; fileRef = 69E20F742A8CB6C0001F3009 /* HowToPlayView.swift */; };
		69E32B512A91D6A700F24CF1 /* AchievementModal.swift in Sources */ = {isa = PBXBuildFile; fileRef = 69E32B502A91D6A700F24CF1 /* AchievementModal.swift */; };
		69E32B552A91E1B300F24CF1 /* BeVietnamPro-Bold.ttf in Resources */ = {isa = PBXBuildFile; fileRef = 69E32B522A91E1B300F24CF1 /* BeVietnamPro-Bold.ttf */; };
		69E32B562A91E1B300F24CF1 /* BeVietnamPro-Medium.ttf in Resources */ = {isa = PBXBuildFile; fileRef = 69E32B532A91E1B300F24CF1 /* BeVietnamPro-Medium.ttf */; };
		69E32B572A91E1B300F24CF1 /* BeVietnamPro-Light.ttf in Resources */ = {isa = PBXBuildFile; fileRef = 69E32B542A91E1B300F24CF1 /* BeVietnamPro-Light.ttf */; };
		69EAC63B2A8F2A620023FBE6 /* InformationSection.swift in Sources */ = {isa = PBXBuildFile; fileRef = 69EAC63A2A8F2A620023FBE6 /* InformationSection.swift */; };
		69EAC6492A8F573C0023FBE6 /* RoundResultModal.swift in Sources */ = {isa = PBXBuildFile; fileRef = 69EAC6482A8F573C0023FBE6 /* RoundResultModal.swift */; };
		69EAC64B2A8F57EA0023FBE6 /* ResultStatus.swift in Sources */ = {isa = PBXBuildFile; fileRef = 69EAC64A2A8F57EA0023FBE6 /* ResultStatus.swift */; };
		69EAC64D2A8F609B0023FBE6 /* GameResultModal.swift in Sources */ = {isa = PBXBuildFile; fileRef = 69EAC64C2A8F609B0023FBE6 /* GameResultModal.swift */; };
		69EAC64F2A8F6C590023FBE6 /* RegistrationModal.swift in Sources */ = {isa = PBXBuildFile; fileRef = 69EAC64E2A8F6C590023FBE6 /* RegistrationModal.swift */; };
		69EAC6512A8F6D170023FBE6 /* ContinueModal.swift in Sources */ = {isa = PBXBuildFile; fileRef = 69EAC6502A8F6D170023FBE6 /* ContinueModal.swift */; };
		69EAC6532A8F6D550023FBE6 /* ResetModal.swift in Sources */ = {isa = PBXBuildFile; fileRef = 69EAC6522A8F6D550023FBE6 /* ResetModal.swift */; };
/* End PBXBuildFile section */

/* Begin PBXFileReference section */
		69058D2E2A85EA8B007053BA /* Modifiers.swift */ = {isa = PBXFileReference; lastKnownFileType = sourcecode.swift; path = Modifiers.swift; sourceTree = "<group>"; };
		69058D312A85FEAB007053BA /* User.swift */ = {isa = PBXFileReference; lastKnownFileType = sourcecode.swift; path = User.swift; sourceTree = "<group>"; };
		69058D332A85FEC8007053BA /* Card.swift */ = {isa = PBXFileReference; lastKnownFileType = sourcecode.swift; path = Card.swift; sourceTree = "<group>"; };
		69058D372A8617CA007053BA /* UserRow.swift */ = {isa = PBXFileReference; lastKnownFileType = sourcecode.swift; path = UserRow.swift; sourceTree = "<group>"; };
		69058D392A862C6E007053BA /* UserModal.swift */ = {isa = PBXFileReference; lastKnownFileType = sourcecode.swift; path = UserModal.swift; sourceTree = "<group>"; };
		692DB8652A8B29E80066BE41 /* Badge.swift */ = {isa = PBXFileReference; lastKnownFileType = sourcecode.swift; path = Badge.swift; sourceTree = "<group>"; };
		692DB8672A8B2B9F0066BE41 /* BadgeEnum.swift */ = {isa = PBXFileReference; lastKnownFileType = sourcecode.swift; path = BadgeEnum.swift; sourceTree = "<group>"; };
		692DB8692A8B42B70066BE41 /* SegmentControl.swift */ = {isa = PBXFileReference; lastKnownFileType = sourcecode.swift; path = SegmentControl.swift; sourceTree = "<group>"; };
		692DB86B2A8B4EF20066BE41 /* Background.swift */ = {isa = PBXFileReference; fileEncoding = 4; lastKnownFileType = sourcecode.swift; path = Background.swift; sourceTree = "<group>"; };
		692DB86D2A8B86480066BE41 /* Difficulty.swift */ = {isa = PBXFileReference; lastKnownFileType = sourcecode.swift; path = Difficulty.swift; sourceTree = "<group>"; };
		693A4F122A833CA000E5AF22 /* Blackjack.app */ = {isa = PBXFileReference; explicitFileType = wrapper.application; includeInIndex = 0; path = Blackjack.app; sourceTree = BUILT_PRODUCTS_DIR; };
		693A4F152A833CA000E5AF22 /* Blackjack.swift */ = {isa = PBXFileReference; lastKnownFileType = sourcecode.swift; path = Blackjack.swift; sourceTree = "<group>"; };
		693A4F172A833CA000E5AF22 /* ContentView.swift */ = {isa = PBXFileReference; lastKnownFileType = sourcecode.swift; path = ContentView.swift; sourceTree = "<group>"; };
		693A4F192A833CA100E5AF22 /* Assets.xcassets */ = {isa = PBXFileReference; lastKnownFileType = folder.assetcatalog; path = Assets.xcassets; sourceTree = "<group>"; };
		693A4F1C2A833CA100E5AF22 /* Preview Assets.xcassets */ = {isa = PBXFileReference; lastKnownFileType = folder.assetcatalog; path = "Preview Assets.xcassets"; sourceTree = "<group>"; };
		693A4F242A833DFC00E5AF22 /* MenuView.swift */ = {isa = PBXFileReference; lastKnownFileType = sourcecode.swift; path = MenuView.swift; sourceTree = "<group>"; };
		693A4F302A83500E00E5AF22 /* Info.plist */ = {isa = PBXFileReference; lastKnownFileType = text.plist; path = Info.plist; sourceTree = "<group>"; };
		693A4F362A8364A600E5AF22 /* GameView.swift */ = {isa = PBXFileReference; lastKnownFileType = sourcecode.swift; path = GameView.swift; sourceTree = "<group>"; };
		693A4F382A8364B600E5AF22 /* LeaderBoardView.swift */ = {isa = PBXFileReference; lastKnownFileType = sourcecode.swift; path = LeaderBoardView.swift; sourceTree = "<group>"; };
		693A4F3A2A8364D200E5AF22 /* SettingsView.swift */ = {isa = PBXFileReference; lastKnownFileType = sourcecode.swift; path = SettingsView.swift; sourceTree = "<group>"; };
		693A4F3C2A8364E600E5AF22 /* Header.swift */ = {isa = PBXFileReference; lastKnownFileType = sourcecode.swift; path = Header.swift; sourceTree = "<group>"; };
		693A4F3E2A83725700E5AF22 /* GameStats.swift */ = {isa = PBXFileReference; lastKnownFileType = sourcecode.swift; path = GameStats.swift; sourceTree = "<group>"; };
		694F1B092A8736F200982F72 /* StatItem.swift */ = {isa = PBXFileReference; lastKnownFileType = sourcecode.swift; path = StatItem.swift; sourceTree = "<group>"; };
		694F1B0B2A8742E800982F72 /* UserViewModel.swift */ = {isa = PBXFileReference; lastKnownFileType = sourcecode.swift; path = UserViewModel.swift; sourceTree = "<group>"; };
		69971F022A88AB7800AEBD3E /* NavigationButton.swift */ = {isa = PBXFileReference; lastKnownFileType = sourcecode.swift; path = NavigationButton.swift; sourceTree = "<group>"; };
		69E20F722A8CA072001F3009 /* Appearance.swift */ = {isa = PBXFileReference; lastKnownFileType = sourcecode.swift; path = Appearance.swift; sourceTree = "<group>"; };
		69E20F742A8CB6C0001F3009 /* HowToPlayView.swift */ = {isa = PBXFileReference; lastKnownFileType = sourcecode.swift; path = HowToPlayView.swift; sourceTree = "<group>"; };
		69E32B502A91D6A700F24CF1 /* AchievementModal.swift */ = {isa = PBXFileReference; lastKnownFileType = sourcecode.swift; path = AchievementModal.swift; sourceTree = "<group>"; };
		69E32B522A91E1B300F24CF1 /* BeVietnamPro-Bold.ttf */ = {isa = PBXFileReference; lastKnownFileType = file; path = "BeVietnamPro-Bold.ttf"; sourceTree = "<group>"; };
		69E32B532A91E1B300F24CF1 /* BeVietnamPro-Medium.ttf */ = {isa = PBXFileReference; lastKnownFileType = file; path = "BeVietnamPro-Medium.ttf"; sourceTree = "<group>"; };
		69E32B542A91E1B300F24CF1 /* BeVietnamPro-Light.ttf */ = {isa = PBXFileReference; lastKnownFileType = file; path = "BeVietnamPro-Light.ttf"; sourceTree = "<group>"; };
		69EAC63A2A8F2A620023FBE6 /* InformationSection.swift */ = {isa = PBXFileReference; lastKnownFileType = sourcecode.swift; path = InformationSection.swift; sourceTree = "<group>"; };
		69EAC6482A8F573C0023FBE6 /* RoundResultModal.swift */ = {isa = PBXFileReference; lastKnownFileType = sourcecode.swift; path = RoundResultModal.swift; sourceTree = "<group>"; };
		69EAC64A2A8F57EA0023FBE6 /* ResultStatus.swift */ = {isa = PBXFileReference; lastKnownFileType = sourcecode.swift; path = ResultStatus.swift; sourceTree = "<group>"; };
		69EAC64C2A8F609B0023FBE6 /* GameResultModal.swift */ = {isa = PBXFileReference; lastKnownFileType = sourcecode.swift; path = GameResultModal.swift; sourceTree = "<group>"; };
		69EAC64E2A8F6C590023FBE6 /* RegistrationModal.swift */ = {isa = PBXFileReference; lastKnownFileType = sourcecode.swift; path = RegistrationModal.swift; sourceTree = "<group>"; };
		69EAC6502A8F6D170023FBE6 /* ContinueModal.swift */ = {isa = PBXFileReference; lastKnownFileType = sourcecode.swift; path = ContinueModal.swift; sourceTree = "<group>"; };
		69EAC6522A8F6D550023FBE6 /* ResetModal.swift */ = {isa = PBXFileReference; lastKnownFileType = sourcecode.swift; path = ResetModal.swift; sourceTree = "<group>"; };
/* End PBXFileReference section */

/* Begin PBXFrameworksBuildPhase section */
		693A4F0F2A833CA000E5AF22 /* Frameworks */ = {
			isa = PBXFrameworksBuildPhase;
			buildActionMask = 2147483647;
			files = (
			);
			runOnlyForDeploymentPostprocessing = 0;
		};
/* End PBXFrameworksBuildPhase section */

/* Begin PBXGroup section */
		69058D2D2A85E044007053BA /* Utilities */ = {
			isa = PBXGroup;
			children = (
				69058D2E2A85EA8B007053BA /* Modifiers.swift */,
			);
			path = Utilities;
			sourceTree = "<group>";
		};
		69058D302A85FE94007053BA /* Models */ = {
			isa = PBXGroup;
			children = (
				69058D312A85FEAB007053BA /* User.swift */,
				69058D332A85FEC8007053BA /* Card.swift */,
			);
			path = Models;
			sourceTree = "<group>";
		};
		69058D352A85FF05007053BA /* ViewModels */ = {
			isa = PBXGroup;
			children = (
				694F1B0B2A8742E800982F72 /* UserViewModel.swift */,
			);
			path = ViewModels;
			sourceTree = "<group>";
		};
		69058D362A85FF98007053BA /* Enums */ = {
			isa = PBXGroup;
			children = (
				69E20F722A8CA072001F3009 /* Appearance.swift */,
				692DB8672A8B2B9F0066BE41 /* BadgeEnum.swift */,
				692DB86D2A8B86480066BE41 /* Difficulty.swift */,
				69EAC64A2A8F57EA0023FBE6 /* ResultStatus.swift */,
			);
			path = Enums;
			sourceTree = "<group>";
		};
		693A4F092A833CA000E5AF22 = {
			isa = PBXGroup;
			children = (
				693A4F142A833CA000E5AF22 /* Blackjack */,
				693A4F132A833CA000E5AF22 /* Products */,
			);
			sourceTree = "<group>";
		};
		693A4F132A833CA000E5AF22 /* Products */ = {
			isa = PBXGroup;
			children = (
				693A4F122A833CA000E5AF22 /* Blackjack.app */,
			);
			name = Products;
			sourceTree = "<group>";
		};
		693A4F142A833CA000E5AF22 /* Blackjack */ = {
			isa = PBXGroup;
			children = (
				69058D362A85FF98007053BA /* Enums */,
				69058D352A85FF05007053BA /* ViewModels */,
				69058D302A85FE94007053BA /* Models */,
				69058D2D2A85E044007053BA /* Utilities */,
				693A4F302A83500E00E5AF22 /* Info.plist */,
				693A4F2B2A834F6100E5AF22 /* Fonts */,
				693A4F262A83431E00E5AF22 /* Components */,
				693A4F232A833CB000E5AF22 /* Views */,
				693A4F152A833CA000E5AF22 /* Blackjack.swift */,
				693A4F192A833CA100E5AF22 /* Assets.xcassets */,
				693A4F1B2A833CA100E5AF22 /* Preview Content */,
			);
			path = Blackjack;
			sourceTree = "<group>";
		};
		693A4F1B2A833CA100E5AF22 /* Preview Content */ = {
			isa = PBXGroup;
			children = (
				693A4F1C2A833CA100E5AF22 /* Preview Assets.xcassets */,
			);
			path = "Preview Content";
			sourceTree = "<group>";
		};
		693A4F232A833CB000E5AF22 /* Views */ = {
			isa = PBXGroup;
			children = (
				693A4F172A833CA000E5AF22 /* ContentView.swift */,
				69EAC6552A8F6E310023FBE6 /* MenuView */,
				69EAC6562A8F6E3F0023FBE6 /* GameView */,
				69EAC6542A8F6D910023FBE6 /* LeaderBoard */,
				69EAC6582A8F6E720023FBE6 /* HowToPlayView */,
				69EAC6572A8F6E4F0023FBE6 /* SettingsView */,
			);
			path = Views;
			sourceTree = "<group>";
		};
		693A4F262A83431E00E5AF22 /* Components */ = {
			isa = PBXGroup;
			children = (
				692DB86B2A8B4EF20066BE41 /* Background.swift */,
				692DB8652A8B29E80066BE41 /* Badge.swift */,
				693A4F3E2A83725700E5AF22 /* GameStats.swift */,
				693A4F3C2A8364E600E5AF22 /* Header.swift */,
				69EAC63A2A8F2A620023FBE6 /* InformationSection.swift */,
				69971F022A88AB7800AEBD3E /* NavigationButton.swift */,
				692DB8692A8B42B70066BE41 /* SegmentControl.swift */,
				694F1B092A8736F200982F72 /* StatItem.swift */,
				69058D372A8617CA007053BA /* UserRow.swift */,
			);
			path = Components;
			sourceTree = "<group>";
		};
		693A4F2B2A834F6100E5AF22 /* Fonts */ = {
			isa = PBXGroup;
			children = (
				69E32B522A91E1B300F24CF1 /* BeVietnamPro-Bold.ttf */,
				69E32B542A91E1B300F24CF1 /* BeVietnamPro-Light.ttf */,
				69E32B532A91E1B300F24CF1 /* BeVietnamPro-Medium.ttf */,
			);
			path = Fonts;
			sourceTree = "<group>";
		};
		69EAC6542A8F6D910023FBE6 /* LeaderBoard */ = {
			isa = PBXGroup;
			children = (
				693A4F382A8364B600E5AF22 /* LeaderBoardView.swift */,
				69058D392A862C6E007053BA /* UserModal.swift */,
			);
			path = LeaderBoard;
			sourceTree = "<group>";
		};
		69EAC6552A8F6E310023FBE6 /* MenuView */ = {
			isa = PBXGroup;
			children = (
				693A4F242A833DFC00E5AF22 /* MenuView.swift */,
				69EAC6502A8F6D170023FBE6 /* ContinueModal.swift */,
			);
			path = MenuView;
			sourceTree = "<group>";
		};
		69EAC6562A8F6E3F0023FBE6 /* GameView */ = {
			isa = PBXGroup;
			children = (
				693A4F362A8364A600E5AF22 /* GameView.swift */,
				69E32B502A91D6A700F24CF1 /* AchievementModal.swift */,
				69EAC64E2A8F6C590023FBE6 /* RegistrationModal.swift */,
				69EAC6482A8F573C0023FBE6 /* RoundResultModal.swift */,
				69EAC64C2A8F609B0023FBE6 /* GameResultModal.swift */,
			);
			path = GameView;
			sourceTree = "<group>";
		};
		69EAC6572A8F6E4F0023FBE6 /* SettingsView */ = {
			isa = PBXGroup;
			children = (
				693A4F3A2A8364D200E5AF22 /* SettingsView.swift */,
				69EAC6522A8F6D550023FBE6 /* ResetModal.swift */,
			);
			path = SettingsView;
			sourceTree = "<group>";
		};
		69EAC6582A8F6E720023FBE6 /* HowToPlayView */ = {
			isa = PBXGroup;
			children = (
				69E20F742A8CB6C0001F3009 /* HowToPlayView.swift */,
			);
			path = HowToPlayView;
			sourceTree = "<group>";
		};
/* End PBXGroup section */

/* Begin PBXNativeTarget section */
		693A4F112A833CA000E5AF22 /* Blackjack */ = {
			isa = PBXNativeTarget;
			buildConfigurationList = 693A4F202A833CA100E5AF22 /* Build configuration list for PBXNativeTarget "Blackjack" */;
			buildPhases = (
				693A4F0E2A833CA000E5AF22 /* Sources */,
				693A4F0F2A833CA000E5AF22 /* Frameworks */,
				693A4F102A833CA000E5AF22 /* Resources */,
			);
			buildRules = (
			);
			dependencies = (
			);
			name = Blackjack;
			productName = Blackjack;
			productReference = 693A4F122A833CA000E5AF22 /* Blackjack.app */;
			productType = "com.apple.product-type.application";
		};
/* End PBXNativeTarget section */

/* Begin PBXProject section */
		693A4F0A2A833CA000E5AF22 /* Project object */ = {
			isa = PBXProject;
			attributes = {
				BuildIndependentTargetsInParallel = 1;
				LastSwiftUpdateCheck = 1430;
				LastUpgradeCheck = 1430;
				TargetAttributes = {
					693A4F112A833CA000E5AF22 = {
						CreatedOnToolsVersion = 14.3.1;
					};
				};
			};
			buildConfigurationList = 693A4F0D2A833CA000E5AF22 /* Build configuration list for PBXProject "Blackjack" */;
			compatibilityVersion = "Xcode 14.0";
			developmentRegion = en;
			hasScannedForEncodings = 0;
			knownRegions = (
				en,
				Base,
			);
			mainGroup = 693A4F092A833CA000E5AF22;
			productRefGroup = 693A4F132A833CA000E5AF22 /* Products */;
			projectDirPath = "";
			projectRoot = "";
			targets = (
				693A4F112A833CA000E5AF22 /* Blackjack */,
			);
		};
/* End PBXProject section */

/* Begin PBXResourcesBuildPhase section */
		693A4F102A833CA000E5AF22 /* Resources */ = {
			isa = PBXResourcesBuildPhase;
			buildActionMask = 2147483647;
			files = (
				693A4F1D2A833CA100E5AF22 /* Preview Assets.xcassets in Resources */,
				69E32B562A91E1B300F24CF1 /* BeVietnamPro-Medium.ttf in Resources */,
				693A4F1A2A833CA100E5AF22 /* Assets.xcassets in Resources */,
				69E32B572A91E1B300F24CF1 /* BeVietnamPro-Light.ttf in Resources */,
				69E32B552A91E1B300F24CF1 /* BeVietnamPro-Bold.ttf in Resources */,
			);
			runOnlyForDeploymentPostprocessing = 0;
		};
/* End PBXResourcesBuildPhase section */

/* Begin PBXSourcesBuildPhase section */
		693A4F0E2A833CA000E5AF22 /* Sources */ = {
			isa = PBXSourcesBuildPhase;
			buildActionMask = 2147483647;
			files = (
				69E20F752A8CB6C0001F3009 /* HowToPlayView.swift in Sources */,
				693A4F3D2A8364E600E5AF22 /* Header.swift in Sources */,
				692DB8682A8B2B9F0066BE41 /* BadgeEnum.swift in Sources */,
				693A4F392A8364B600E5AF22 /* LeaderBoardView.swift in Sources */,
				693A4F182A833CA000E5AF22 /* ContentView.swift in Sources */,
				692DB86E2A8B86480066BE41 /* Difficulty.swift in Sources */,
				69058D2F2A85EA8B007053BA /* Modifiers.swift in Sources */,
				692DB86A2A8B42B70066BE41 /* SegmentControl.swift in Sources */,
				69EAC6492A8F573C0023FBE6 /* RoundResultModal.swift in Sources */,
				694F1B0C2A8742E800982F72 /* UserViewModel.swift in Sources */,
				694F1B0A2A8736F200982F72 /* StatItem.swift in Sources */,
				692DB86C2A8B4EF20066BE41 /* Background.swift in Sources */,
				69EAC64D2A8F609B0023FBE6 /* GameResultModal.swift in Sources */,
				693A4F3B2A8364D200E5AF22 /* SettingsView.swift in Sources */,
				69058D342A85FEC8007053BA /* Card.swift in Sources */,
				69EAC64B2A8F57EA0023FBE6 /* ResultStatus.swift in Sources */,
				693A4F252A833DFC00E5AF22 /* MenuView.swift in Sources */,
				69058D3A2A862C6E007053BA /* UserModal.swift in Sources */,
				69EAC64F2A8F6C590023FBE6 /* RegistrationModal.swift in Sources */,
				69971F032A88AB7800AEBD3E /* NavigationButton.swift in Sources */,
				69EAC63B2A8F2A620023FBE6 /* InformationSection.swift in Sources */,
				69E32B512A91D6A700F24CF1 /* AchievementModal.swift in Sources */,
				69058D382A8617CA007053BA /* UserRow.swift in Sources */,
				69EAC6532A8F6D550023FBE6 /* ResetModal.swift in Sources */,
				693A4F162A833CA000E5AF22 /* Blackjack.swift in Sources */,
				69058D322A85FEAB007053BA /* User.swift in Sources */,
				693A4F3F2A83725700E5AF22 /* GameStats.swift in Sources */,
				69E20F732A8CA072001F3009 /* Appearance.swift in Sources */,
				693A4F372A8364A600E5AF22 /* GameView.swift in Sources */,
				69EAC6512A8F6D170023FBE6 /* ContinueModal.swift in Sources */,
				692DB8662A8B29E80066BE41 /* Badge.swift in Sources */,
			);
			runOnlyForDeploymentPostprocessing = 0;
		};
/* End PBXSourcesBuildPhase section */

/* Begin XCBuildConfiguration section */
		693A4F1E2A833CA100E5AF22 /* Debug */ = {
			isa = XCBuildConfiguration;
			buildSettings = {
				ALWAYS_SEARCH_USER_PATHS = NO;
				CLANG_ANALYZER_NONNULL = YES;
				CLANG_ANALYZER_NUMBER_OBJECT_CONVERSION = YES_AGGRESSIVE;
				CLANG_CXX_LANGUAGE_STANDARD = "gnu++20";
				CLANG_ENABLE_MODULES = YES;
				CLANG_ENABLE_OBJC_ARC = YES;
				CLANG_ENABLE_OBJC_WEAK = YES;
				CLANG_WARN_BLOCK_CAPTURE_AUTORELEASING = YES;
				CLANG_WARN_BOOL_CONVERSION = YES;
				CLANG_WARN_COMMA = YES;
				CLANG_WARN_CONSTANT_CONVERSION = YES;
				CLANG_WARN_DEPRECATED_OBJC_IMPLEMENTATIONS = YES;
				CLANG_WARN_DIRECT_OBJC_ISA_USAGE = YES_ERROR;
				CLANG_WARN_DOCUMENTATION_COMMENTS = YES;
				CLANG_WARN_EMPTY_BODY = YES;
				CLANG_WARN_ENUM_CONVERSION = YES;
				CLANG_WARN_INFINITE_RECURSION = YES;
				CLANG_WARN_INT_CONVERSION = YES;
				CLANG_WARN_NON_LITERAL_NULL_CONVERSION = YES;
				CLANG_WARN_OBJC_IMPLICIT_RETAIN_SELF = YES;
				CLANG_WARN_OBJC_LITERAL_CONVERSION = YES;
				CLANG_WARN_OBJC_ROOT_CLASS = YES_ERROR;
				CLANG_WARN_QUOTED_INCLUDE_IN_FRAMEWORK_HEADER = YES;
				CLANG_WARN_RANGE_LOOP_ANALYSIS = YES;
				CLANG_WARN_STRICT_PROTOTYPES = YES;
				CLANG_WARN_SUSPICIOUS_MOVE = YES;
				CLANG_WARN_UNGUARDED_AVAILABILITY = YES_AGGRESSIVE;
				CLANG_WARN_UNREACHABLE_CODE = YES;
				CLANG_WARN__DUPLICATE_METHOD_MATCH = YES;
				COPY_PHASE_STRIP = NO;
				DEBUG_INFORMATION_FORMAT = dwarf;
				ENABLE_STRICT_OBJC_MSGSEND = YES;
				ENABLE_TESTABILITY = YES;
				GCC_C_LANGUAGE_STANDARD = gnu11;
				GCC_DYNAMIC_NO_PIC = NO;
				GCC_NO_COMMON_BLOCKS = YES;
				GCC_OPTIMIZATION_LEVEL = 0;
				GCC_PREPROCESSOR_DEFINITIONS = (
					"DEBUG=1",
					"$(inherited)",
				);
				GCC_WARN_64_TO_32_BIT_CONVERSION = YES;
				GCC_WARN_ABOUT_RETURN_TYPE = YES_ERROR;
				GCC_WARN_UNDECLARED_SELECTOR = YES;
				GCC_WARN_UNINITIALIZED_AUTOS = YES_AGGRESSIVE;
				GCC_WARN_UNUSED_FUNCTION = YES;
				GCC_WARN_UNUSED_VARIABLE = YES;
				IPHONEOS_DEPLOYMENT_TARGET = 16.4;
				MTL_ENABLE_DEBUG_INFO = INCLUDE_SOURCE;
				MTL_FAST_MATH = YES;
				ONLY_ACTIVE_ARCH = YES;
				SDKROOT = iphoneos;
				SWIFT_ACTIVE_COMPILATION_CONDITIONS = DEBUG;
				SWIFT_OPTIMIZATION_LEVEL = "-Onone";
			};
			name = Debug;
		};
		693A4F1F2A833CA100E5AF22 /* Release */ = {
			isa = XCBuildConfiguration;
			buildSettings = {
				ALWAYS_SEARCH_USER_PATHS = NO;
				CLANG_ANALYZER_NONNULL = YES;
				CLANG_ANALYZER_NUMBER_OBJECT_CONVERSION = YES_AGGRESSIVE;
				CLANG_CXX_LANGUAGE_STANDARD = "gnu++20";
				CLANG_ENABLE_MODULES = YES;
				CLANG_ENABLE_OBJC_ARC = YES;
				CLANG_ENABLE_OBJC_WEAK = YES;
				CLANG_WARN_BLOCK_CAPTURE_AUTORELEASING = YES;
				CLANG_WARN_BOOL_CONVERSION = YES;
				CLANG_WARN_COMMA = YES;
				CLANG_WARN_CONSTANT_CONVERSION = YES;
				CLANG_WARN_DEPRECATED_OBJC_IMPLEMENTATIONS = YES;
				CLANG_WARN_DIRECT_OBJC_ISA_USAGE = YES_ERROR;
				CLANG_WARN_DOCUMENTATION_COMMENTS = YES;
				CLANG_WARN_EMPTY_BODY = YES;
				CLANG_WARN_ENUM_CONVERSION = YES;
				CLANG_WARN_INFINITE_RECURSION = YES;
				CLANG_WARN_INT_CONVERSION = YES;
				CLANG_WARN_NON_LITERAL_NULL_CONVERSION = YES;
				CLANG_WARN_OBJC_IMPLICIT_RETAIN_SELF = YES;
				CLANG_WARN_OBJC_LITERAL_CONVERSION = YES;
				CLANG_WARN_OBJC_ROOT_CLASS = YES_ERROR;
				CLANG_WARN_QUOTED_INCLUDE_IN_FRAMEWORK_HEADER = YES;
				CLANG_WARN_RANGE_LOOP_ANALYSIS = YES;
				CLANG_WARN_STRICT_PROTOTYPES = YES;
				CLANG_WARN_SUSPICIOUS_MOVE = YES;
				CLANG_WARN_UNGUARDED_AVAILABILITY = YES_AGGRESSIVE;
				CLANG_WARN_UNREACHABLE_CODE = YES;
				CLANG_WARN__DUPLICATE_METHOD_MATCH = YES;
				COPY_PHASE_STRIP = NO;
				DEBUG_INFORMATION_FORMAT = "dwarf-with-dsym";
				ENABLE_NS_ASSERTIONS = NO;
				ENABLE_STRICT_OBJC_MSGSEND = YES;
				GCC_C_LANGUAGE_STANDARD = gnu11;
				GCC_NO_COMMON_BLOCKS = YES;
				GCC_WARN_64_TO_32_BIT_CONVERSION = YES;
				GCC_WARN_ABOUT_RETURN_TYPE = YES_ERROR;
				GCC_WARN_UNDECLARED_SELECTOR = YES;
				GCC_WARN_UNINITIALIZED_AUTOS = YES_AGGRESSIVE;
				GCC_WARN_UNUSED_FUNCTION = YES;
				GCC_WARN_UNUSED_VARIABLE = YES;
				IPHONEOS_DEPLOYMENT_TARGET = 16.4;
				MTL_ENABLE_DEBUG_INFO = NO;
				MTL_FAST_MATH = YES;
				SDKROOT = iphoneos;
				SWIFT_COMPILATION_MODE = wholemodule;
				SWIFT_OPTIMIZATION_LEVEL = "-O";
				VALIDATE_PRODUCT = YES;
			};
			name = Release;
		};
		693A4F212A833CA100E5AF22 /* Debug */ = {
			isa = XCBuildConfiguration;
			buildSettings = {
				ASSETCATALOG_COMPILER_APPICON_NAME = AppIcon;
				ASSETCATALOG_COMPILER_GLOBAL_ACCENT_COLOR_NAME = AccentColor;
				CODE_SIGN_STYLE = Automatic;
				CURRENT_PROJECT_VERSION = 1;
				DEVELOPMENT_ASSET_PATHS = "\"Blackjack/Preview Content\"";
				DEVELOPMENT_TEAM = 29DDDV83NA;
				ENABLE_PREVIEWS = YES;
				GENERATE_INFOPLIST_FILE = YES;
				INFOPLIST_FILE = Blackjack/Info.plist;
				INFOPLIST_KEY_LSApplicationCategoryType = "\"\"";
				INFOPLIST_KEY_UIApplicationSceneManifest_Generation = YES;
				INFOPLIST_KEY_UIApplicationSupportsIndirectInputEvents = YES;
				INFOPLIST_KEY_UILaunchScreen_Generation = YES;
				INFOPLIST_KEY_UISupportedInterfaceOrientations_iPad = "UIInterfaceOrientationPortrait UIInterfaceOrientationPortraitUpsideDown UIInterfaceOrientationLandscapeLeft UIInterfaceOrientationLandscapeRight";
				INFOPLIST_KEY_UISupportedInterfaceOrientations_iPhone = "UIInterfaceOrientationPortrait UIInterfaceOrientationLandscapeLeft UIInterfaceOrientationLandscapeRight";
				LD_RUNPATH_SEARCH_PATHS = (
					"$(inherited)",
					"@executable_path/Frameworks",
				);
				MARKETING_VERSION = 1.0;
				PRODUCT_BUNDLE_IDENTIFIER = vn.rmit.edu.duy.Blackjack;
				PRODUCT_NAME = "$(TARGET_NAME)";
				SWIFT_EMIT_LOC_STRINGS = YES;
				SWIFT_VERSION = 5.0;
				TARGETED_DEVICE_FAMILY = "1,2";
			};
			name = Debug;
		};
		693A4F222A833CA100E5AF22 /* Release */ = {
			isa = XCBuildConfiguration;
			buildSettings = {
				ASSETCATALOG_COMPILER_APPICON_NAME = AppIcon;
				ASSETCATALOG_COMPILER_GLOBAL_ACCENT_COLOR_NAME = AccentColor;
				CODE_SIGN_STYLE = Automatic;
				CURRENT_PROJECT_VERSION = 1;
				DEVELOPMENT_ASSET_PATHS = "\"Blackjack/Preview Content\"";
				DEVELOPMENT_TEAM = 29DDDV83NA;
				ENABLE_PREVIEWS = YES;
				GENERATE_INFOPLIST_FILE = YES;
				INFOPLIST_FILE = Blackjack/Info.plist;
				INFOPLIST_KEY_LSApplicationCategoryType = "\"\"";
				INFOPLIST_KEY_UIApplicationSceneManifest_Generation = YES;
				INFOPLIST_KEY_UIApplicationSupportsIndirectInputEvents = YES;
				INFOPLIST_KEY_UILaunchScreen_Generation = YES;
				INFOPLIST_KEY_UISupportedInterfaceOrientations_iPad = "UIInterfaceOrientationPortrait UIInterfaceOrientationPortraitUpsideDown UIInterfaceOrientationLandscapeLeft UIInterfaceOrientationLandscapeRight";
				INFOPLIST_KEY_UISupportedInterfaceOrientations_iPhone = "UIInterfaceOrientationPortrait UIInterfaceOrientationLandscapeLeft UIInterfaceOrientationLandscapeRight";
				LD_RUNPATH_SEARCH_PATHS = (
					"$(inherited)",
					"@executable_path/Frameworks",
				);
				MARKETING_VERSION = 1.0;
				PRODUCT_BUNDLE_IDENTIFIER = vn.rmit.edu.duy.Blackjack;
				PRODUCT_NAME = "$(TARGET_NAME)";
				SWIFT_EMIT_LOC_STRINGS = YES;
				SWIFT_VERSION = 5.0;
				TARGETED_DEVICE_FAMILY = "1,2";
			};
			name = Release;
		};
/* End XCBuildConfiguration section */

/* Begin XCConfigurationList section */
		693A4F0D2A833CA000E5AF22 /* Build configuration list for PBXProject "Blackjack" */ = {
			isa = XCConfigurationList;
			buildConfigurations = (
				693A4F1E2A833CA100E5AF22 /* Debug */,
				693A4F1F2A833CA100E5AF22 /* Release */,
			);
			defaultConfigurationIsVisible = 0;
			defaultConfigurationName = Release;
		};
		693A4F202A833CA100E5AF22 /* Build configuration list for PBXNativeTarget "Blackjack" */ = {
			isa = XCConfigurationList;
			buildConfigurations = (
				693A4F212A833CA100E5AF22 /* Debug */,
				693A4F222A833CA100E5AF22 /* Release */,
			);
			defaultConfigurationIsVisible = 0;
			defaultConfigurationName = Release;
		};
/* End XCConfigurationList section */
	};
	rootObject = 693A4F0A2A833CA000E5AF22 /* Project object */;
}
